{
  "name": "@adainthelab/universal-ledger-cli",
  "version": "0.1.0",
  "lockfileVersion": 3,
  "requires": true,
  "packages": {
    "": {
      "name": "@adainthelab/universal-ledger-cli",
      "version": "0.1.0",
      "license": "MIT",
      "bin": {
        "ulc": "bin/ulc.js"
      }
    }
  }
}
